// !$*UTF8*$!
{
	archiveVersion = 1;
	classes = {
	};
	objectVersion = 46;
	objects = {

/* Begin PBXBuildFile section */
		1F48A0681EC8C80900DC464B /* AppDelegate.swift in Sources */ = {isa = PBXBuildFile; fileRef = 1F48A0671EC8C80900DC464B /* AppDelegate.swift */; };
		1F48A06A1EC8C80900DC464B /* ViewController.swift in Sources */ = {isa = PBXBuildFile; fileRef = 1F48A0691EC8C80900DC464B /* ViewController.swift */; };
		1F48A06D1EC8C80900DC464B /* Main.storyboard in Resources */ = {isa = PBXBuildFile; fileRef = 1F48A06B1EC8C80900DC464B /* Main.storyboard */; };
		1F48A06F1EC8C80900DC464B /* Assets.xcassets in Resources */ = {isa = PBXBuildFile; fileRef = 1F48A06E1EC8C80900DC464B /* Assets.xcassets */; };
		1F48A0721EC8C80900DC464B /* LaunchScreen.storyboard in Resources */ = {isa = PBXBuildFile; fileRef = 1F48A0701EC8C80900DC464B /* LaunchScreen.storyboard */; };
		1F48A0801EC8C8E500DC464B /* citestsTests.swift in Sources */ = {isa = PBXBuildFile; fileRef = 1F48A07F1EC8C8E500DC464B /* citestsTests.swift */; };
		1F8658DF1EC8E15A00DC8709 /* WhatTheFuckable.swift in Sources */ = {isa = PBXBuildFile; fileRef = 1F8658DE1EC8E15A00DC8709 /* WhatTheFuckable.swift */; };
		40F8E45A0587A0129C7E6322 /* Pods_citests.framework in Frameworks */ = {isa = PBXBuildFile; fileRef = 84596BC14F6B2C8F2CB5EE24 /* Pods_citests.framework */; };
		B7665A0080FB68A7D1829489 /* Pods_citestsTests.framework in Frameworks */ = {isa = PBXBuildFile; fileRef = 75C6BAC7D620520230323115 /* Pods_citestsTests.framework */; };
/* End PBXBuildFile section */

/* Begin PBXContainerItemProxy section */
		1F48A0821EC8C8E500DC464B /* PBXContainerItemProxy */ = {
			isa = PBXContainerItemProxy;
			containerPortal = 1F48A05C1EC8C80900DC464B /* Project object */;
			proxyType = 1;
			remoteGlobalIDString = 1F48A0631EC8C80900DC464B;
			remoteInfo = citests;
		};
/* End PBXContainerItemProxy section */

/* Begin PBXFileReference section */
		1F48A0641EC8C80900DC464B /* citests.app */ = {isa = PBXFileReference; explicitFileType = wrapper.application; includeInIndex = 0; path = citests.app; sourceTree = BUILT_PRODUCTS_DIR; };
		1F48A0671EC8C80900DC464B /* AppDelegate.swift */ = {isa = PBXFileReference; lastKnownFileType = sourcecode.swift; path = AppDelegate.swift; sourceTree = "<group>"; };
		1F48A0691EC8C80900DC464B /* ViewController.swift */ = {isa = PBXFileReference; lastKnownFileType = sourcecode.swift; path = ViewController.swift; sourceTree = "<group>"; };
		1F48A06C1EC8C80900DC464B /* Base */ = {isa = PBXFileReference; lastKnownFileType = file.storyboard; name = Base; path = Base.lproj/Main.storyboard; sourceTree = "<group>"; };
		1F48A06E1EC8C80900DC464B /* Assets.xcassets */ = {isa = PBXFileReference; lastKnownFileType = folder.assetcatalog; path = Assets.xcassets; sourceTree = "<group>"; };
		1F48A0711EC8C80900DC464B /* Base */ = {isa = PBXFileReference; lastKnownFileType = file.storyboard; name = Base; path = Base.lproj/LaunchScreen.storyboard; sourceTree = "<group>"; };
		1F48A0731EC8C80900DC464B /* Info.plist */ = {isa = PBXFileReference; lastKnownFileType = text.plist.xml; path = Info.plist; sourceTree = "<group>"; };
		1F48A07D1EC8C8E500DC464B /* citestsTests.xctest */ = {isa = PBXFileReference; explicitFileType = wrapper.cfbundle; includeInIndex = 0; path = citestsTests.xctest; sourceTree = BUILT_PRODUCTS_DIR; };
		1F48A07F1EC8C8E500DC464B /* citestsTests.swift */ = {isa = PBXFileReference; lastKnownFileType = sourcecode.swift; path = citestsTests.swift; sourceTree = "<group>"; };
		1F48A0811EC8C8E500DC464B /* Info.plist */ = {isa = PBXFileReference; lastKnownFileType = text.plist.xml; path = Info.plist; sourceTree = "<group>"; };
		1F8658DE1EC8E15A00DC8709 /* WhatTheFuckable.swift */ = {isa = PBXFileReference; fileEncoding = 4; lastKnownFileType = sourcecode.swift; path = WhatTheFuckable.swift; sourceTree = "<group>"; };
		4043D96169CC62E0BB927605 /* Pods-citestsTests.release.xcconfig */ = {isa = PBXFileReference; includeInIndex = 1; lastKnownFileType = text.xcconfig; name = "Pods-citestsTests.release.xcconfig"; path = "Pods/Target Support Files/Pods-citestsTests/Pods-citestsTests.release.xcconfig"; sourceTree = "<group>"; };
		75C6BAC7D620520230323115 /* Pods_citestsTests.framework */ = {isa = PBXFileReference; explicitFileType = wrapper.framework; includeInIndex = 0; path = Pods_citestsTests.framework; sourceTree = BUILT_PRODUCTS_DIR; };
		84596BC14F6B2C8F2CB5EE24 /* Pods_citests.framework */ = {isa = PBXFileReference; explicitFileType = wrapper.framework; includeInIndex = 0; path = Pods_citests.framework; sourceTree = BUILT_PRODUCTS_DIR; };
		91F4E3110DA1A85EFE8C90C9 /* Pods-citests.debug.xcconfig */ = {isa = PBXFileReference; includeInIndex = 1; lastKnownFileType = text.xcconfig; name = "Pods-citests.debug.xcconfig"; path = "Pods/Target Support Files/Pods-citests/Pods-citests.debug.xcconfig"; sourceTree = "<group>"; };
		9A9A840BA02445FC384CB042 /* Pods-citests.release.xcconfig */ = {isa = PBXFileReference; includeInIndex = 1; lastKnownFileType = text.xcconfig; name = "Pods-citests.release.xcconfig"; path = "Pods/Target Support Files/Pods-citests/Pods-citests.release.xcconfig"; sourceTree = "<group>"; };
		9F4964D9F3C9CB3C85883969 /* Pods-citestsTests.debug.xcconfig */ = {isa = PBXFileReference; includeInIndex = 1; lastKnownFileType = text.xcconfig; name = "Pods-citestsTests.debug.xcconfig"; path = "Pods/Target Support Files/Pods-citestsTests/Pods-citestsTests.debug.xcconfig"; sourceTree = "<group>"; };
/* End PBXFileReference section */

/* Begin PBXFrameworksBuildPhase section */
		1F48A0611EC8C80900DC464B /* Frameworks */ = {
			isa = PBXFrameworksBuildPhase;
			buildActionMask = 2147483647;
			files = (
				40F8E45A0587A0129C7E6322 /* Pods_citests.framework in Frameworks */,
			);
			runOnlyForDeploymentPostprocessing = 0;
		};
		1F48A07A1EC8C8E500DC464B /* Frameworks */ = {
			isa = PBXFrameworksBuildPhase;
			buildActionMask = 2147483647;
			files = (
				B7665A0080FB68A7D1829489 /* Pods_citestsTests.framework in Frameworks */,
			);
			runOnlyForDeploymentPostprocessing = 0;
		};
/* End PBXFrameworksBuildPhase section */

/* Begin PBXGroup section */
		1F48A05B1EC8C80900DC464B = {
			isa = PBXGroup;
			children = (
				1F48A0661EC8C80900DC464B /* citests */,
				1F48A07E1EC8C8E500DC464B /* citestsTests */,
				1F48A0651EC8C80900DC464B /* Products */,
				2ED8F1A2F418A991168F6A05 /* Pods */,
				4F766EAB124BCEB2F7C65D51 /* Frameworks */,
			);
			sourceTree = "<group>";
		};
		1F48A0651EC8C80900DC464B /* Products */ = {
			isa = PBXGroup;
			children = (
				1F48A0641EC8C80900DC464B /* citests.app */,
				1F48A07D1EC8C8E500DC464B /* citestsTests.xctest */,
			);
			name = Products;
			sourceTree = "<group>";
		};
		1F48A0661EC8C80900DC464B /* citests */ = {
			isa = PBXGroup;
			children = (
				1F8658DC1EC8DFAB00DC8709 /* Classes */,
				1F48A0671EC8C80900DC464B /* AppDelegate.swift */,
				1F48A0691EC8C80900DC464B /* ViewController.swift */,
				1F48A06B1EC8C80900DC464B /* Main.storyboard */,
				1F48A06E1EC8C80900DC464B /* Assets.xcassets */,
				1F48A0701EC8C80900DC464B /* LaunchScreen.storyboard */,
				1F48A0731EC8C80900DC464B /* Info.plist */,
			);
			path = citests;
			sourceTree = "<group>";
		};
		1F48A07E1EC8C8E500DC464B /* citestsTests */ = {
			isa = PBXGroup;
			children = (
				1F48A07F1EC8C8E500DC464B /* citestsTests.swift */,
				1F48A0811EC8C8E500DC464B /* Info.plist */,
			);
			path = citestsTests;
			sourceTree = "<group>";
		};
		1F8658DC1EC8DFAB00DC8709 /* Classes */ = {
			isa = PBXGroup;
			children = (
				1F8658DD1EC8DFC900DC8709 /* Protocols */,
			);
			path = Classes;
			sourceTree = "<group>";
		};
		1F8658DD1EC8DFC900DC8709 /* Protocols */ = {
			isa = PBXGroup;
			children = (
				1F8658DE1EC8E15A00DC8709 /* WhatTheFuckable.swift */,
			);
			path = Protocols;
			sourceTree = "<group>";
		};
		2ED8F1A2F418A991168F6A05 /* Pods */ = {
			isa = PBXGroup;
			children = (
				91F4E3110DA1A85EFE8C90C9 /* Pods-citests.debug.xcconfig */,
				9A9A840BA02445FC384CB042 /* Pods-citests.release.xcconfig */,
				9F4964D9F3C9CB3C85883969 /* Pods-citestsTests.debug.xcconfig */,
				4043D96169CC62E0BB927605 /* Pods-citestsTests.release.xcconfig */,
			);
			name = Pods;
			sourceTree = "<group>";
		};
		4F766EAB124BCEB2F7C65D51 /* Frameworks */ = {
			isa = PBXGroup;
			children = (
				84596BC14F6B2C8F2CB5EE24 /* Pods_citests.framework */,
				75C6BAC7D620520230323115 /* Pods_citestsTests.framework */,
			);
			name = Frameworks;
			sourceTree = "<group>";
		};
/* End PBXGroup section */

/* Begin PBXNativeTarget section */
		1F48A0631EC8C80900DC464B /* citests */ = {
			isa = PBXNativeTarget;
			buildConfigurationList = 1F48A0761EC8C80900DC464B /* Build configuration list for PBXNativeTarget "citests" */;
			buildPhases = (
				EB4B3138777BA7E894BAE297 /* [CP] Check Pods Manifest.lock */,
				1F48A0601EC8C80900DC464B /* Sources */,
				1F48A0611EC8C80900DC464B /* Frameworks */,
				1F48A0621EC8C80900DC464B /* Resources */,
				5F338EEF063EE467E3961F8B /* [CP] Embed Pods Frameworks */,
				C24083078EB1FF628DD3F83E /* [CP] Copy Pods Resources */,
			);
			buildRules = (
			);
			dependencies = (
			);
			name = citests;
			productName = citests;
			productReference = 1F48A0641EC8C80900DC464B /* citests.app */;
			productType = "com.apple.product-type.application";
		};
		1F48A07C1EC8C8E500DC464B /* citestsTests */ = {
			isa = PBXNativeTarget;
			buildConfigurationList = 1F48A0841EC8C8E500DC464B /* Build configuration list for PBXNativeTarget "citestsTests" */;
			buildPhases = (
				73D99662075DD45587BB56BA /* [CP] Check Pods Manifest.lock */,
				1F48A0791EC8C8E500DC464B /* Sources */,
				1F48A07A1EC8C8E500DC464B /* Frameworks */,
				1F48A07B1EC8C8E500DC464B /* Resources */,
				30FFBBC99C618A6C95E98A9D /* [CP] Embed Pods Frameworks */,
				4119051D18B5F1B96A33A880 /* [CP] Copy Pods Resources */,
			);
			buildRules = (
			);
			dependencies = (
				1F48A0831EC8C8E500DC464B /* PBXTargetDependency */,
			);
			name = citestsTests;
			productName = citestsTests;
			productReference = 1F48A07D1EC8C8E500DC464B /* citestsTests.xctest */;
			productType = "com.apple.product-type.bundle.unit-test";
		};
/* End PBXNativeTarget section */

/* Begin PBXProject section */
		1F48A05C1EC8C80900DC464B /* Project object */ = {
			isa = PBXProject;
			attributes = {
				LastSwiftUpdateCheck = 0830;
				LastUpgradeCheck = 0830;
				ORGANIZATIONNAME = crsantos;
				TargetAttributes = {
					1F48A0631EC8C80900DC464B = {
						CreatedOnToolsVersion = 8.3.2;
						DevelopmentTeam = CWT826P5EN;
						ProvisioningStyle = Automatic;
					};
					1F48A07C1EC8C8E500DC464B = {
						CreatedOnToolsVersion = 8.3.2;
						DevelopmentTeam = CWT826P5EN;
						ProvisioningStyle = Automatic;
						TestTargetID = 1F48A0631EC8C80900DC464B;
					};
				};
			};
			buildConfigurationList = 1F48A05F1EC8C80900DC464B /* Build configuration list for PBXProject "citests" */;
			compatibilityVersion = "Xcode 3.2";
			developmentRegion = English;
			hasScannedForEncodings = 0;
			knownRegions = (
				en,
				Base,
			);
			mainGroup = 1F48A05B1EC8C80900DC464B;
			productRefGroup = 1F48A0651EC8C80900DC464B /* Products */;
			projectDirPath = "";
			projectRoot = "";
			targets = (
				1F48A0631EC8C80900DC464B /* citests */,
				1F48A07C1EC8C8E500DC464B /* citestsTests */,
			);
		};
/* End PBXProject section */

/* Begin PBXResourcesBuildPhase section */
		1F48A0621EC8C80900DC464B /* Resources */ = {
			isa = PBXResourcesBuildPhase;
			buildActionMask = 2147483647;
			files = (
				1F48A0721EC8C80900DC464B /* LaunchScreen.storyboard in Resources */,
				1F48A06F1EC8C80900DC464B /* Assets.xcassets in Resources */,
				1F48A06D1EC8C80900DC464B /* Main.storyboard in Resources */,
			);
			runOnlyForDeploymentPostprocessing = 0;
		};
		1F48A07B1EC8C8E500DC464B /* Resources */ = {
			isa = PBXResourcesBuildPhase;
			buildActionMask = 2147483647;
			files = (
			);
			runOnlyForDeploymentPostprocessing = 0;
		};
/* End PBXResourcesBuildPhase section */

/* Begin PBXShellScriptBuildPhase section */
		30FFBBC99C618A6C95E98A9D /* [CP] Embed Pods Frameworks */ = {
			isa = PBXShellScriptBuildPhase;
			buildActionMask = 2147483647;
			files = (
			);
			inputPaths = (
			);
			name = "[CP] Embed Pods Frameworks";
			outputPaths = (
			);
			runOnlyForDeploymentPostprocessing = 0;
			shellPath = /bin/sh;
			shellScript = "\"${SRCROOT}/Pods/Target Support Files/Pods-citestsTests/Pods-citestsTests-frameworks.sh\"\n";
			showEnvVarsInLog = 0;
		};
		4119051D18B5F1B96A33A880 /* [CP] Copy Pods Resources */ = {
			isa = PBXShellScriptBuildPhase;
			buildActionMask = 2147483647;
			files = (
			);
			inputPaths = (
			);
			name = "[CP] Copy Pods Resources";
			outputPaths = (
			);
			runOnlyForDeploymentPostprocessing = 0;
			shellPath = /bin/sh;
			shellScript = "\"${SRCROOT}/Pods/Target Support Files/Pods-citestsTests/Pods-citestsTests-resources.sh\"\n";
			showEnvVarsInLog = 0;
		};
		5F338EEF063EE467E3961F8B /* [CP] Embed Pods Frameworks */ = {
			isa = PBXShellScriptBuildPhase;
			buildActionMask = 2147483647;
			files = (
			);
			inputPaths = (
			);
			name = "[CP] Embed Pods Frameworks";
			outputPaths = (
			);
			runOnlyForDeploymentPostprocessing = 0;
			shellPath = /bin/sh;
			shellScript = "\"${SRCROOT}/Pods/Target Support Files/Pods-citests/Pods-citests-frameworks.sh\"\n";
			showEnvVarsInLog = 0;
		};
		73D99662075DD45587BB56BA /* [CP] Check Pods Manifest.lock */ = {
			isa = PBXShellScriptBuildPhase;
			buildActionMask = 2147483647;
			files = (
			);
			inputPaths = (
			);
			name = "[CP] Check Pods Manifest.lock";
			outputPaths = (
			);
			runOnlyForDeploymentPostprocessing = 0;
			shellPath = /bin/sh;
			shellScript = "diff \"${PODS_PODFILE_DIR_PATH}/Podfile.lock\" \"${PODS_ROOT}/Manifest.lock\" > /dev/null\nif [ $? != 0 ] ; then\n    # print error to STDERR\n    echo \"error: The sandbox is not in sync with the Podfile.lock. Run 'pod install' or update your CocoaPods installation.\" >&2\n    exit 1\nfi\n";
			showEnvVarsInLog = 0;
		};
		C24083078EB1FF628DD3F83E /* [CP] Copy Pods Resources */ = {
			isa = PBXShellScriptBuildPhase;
			buildActionMask = 2147483647;
			files = (
			);
			inputPaths = (
			);
			name = "[CP] Copy Pods Resources";
			outputPaths = (
			);
			runOnlyForDeploymentPostprocessing = 0;
			shellPath = /bin/sh;
			shellScript = "\"${SRCROOT}/Pods/Target Support Files/Pods-citests/Pods-citests-resources.sh\"\n";
			showEnvVarsInLog = 0;
		};
		EB4B3138777BA7E894BAE297 /* [CP] Check Pods Manifest.lock */ = {
			isa = PBXShellScriptBuildPhase;
			buildActionMask = 2147483647;
			files = (
			);
			inputPaths = (
			);
			name = "[CP] Check Pods Manifest.lock";
			outputPaths = (
			);
			runOnlyForDeploymentPostprocessing = 0;
			shellPath = /bin/sh;
			shellScript = "diff \"${PODS_PODFILE_DIR_PATH}/Podfile.lock\" \"${PODS_ROOT}/Manifest.lock\" > /dev/null\nif [ $? != 0 ] ; then\n    # print error to STDERR\n    echo \"error: The sandbox is not in sync with the Podfile.lock. Run 'pod install' or update your CocoaPods installation.\" >&2\n    exit 1\nfi\n";
			showEnvVarsInLog = 0;
		};
/* End PBXShellScriptBuildPhase section */

/* Begin PBXSourcesBuildPhase section */
		1F48A0601EC8C80900DC464B /* Sources */ = {
			isa = PBXSourcesBuildPhase;
			buildActionMask = 2147483647;
			files = (
				1F8658DF1EC8E15A00DC8709 /* WhatTheFuckable.swift in Sources */,
				1F48A06A1EC8C80900DC464B /* ViewController.swift in Sources */,
				1F48A0681EC8C80900DC464B /* AppDelegate.swift in Sources */,
			);
			runOnlyForDeploymentPostprocessing = 0;
		};
		1F48A0791EC8C8E500DC464B /* Sources */ = {
			isa = PBXSourcesBuildPhase;
			buildActionMask = 2147483647;
			files = (
				1F48A0801EC8C8E500DC464B /* citestsTests.swift in Sources */,
			);
			runOnlyForDeploymentPostprocessing = 0;
		};
/* End PBXSourcesBuildPhase section */

/* Begin PBXTargetDependency section */
		1F48A0831EC8C8E500DC464B /* PBXTargetDependency */ = {
			isa = PBXTargetDependency;
			target = 1F48A0631EC8C80900DC464B /* citests */;
			targetProxy = 1F48A0821EC8C8E500DC464B /* PBXContainerItemProxy */;
		};
/* End PBXTargetDependency section */

/* Begin PBXVariantGroup section */
		1F48A06B1EC8C80900DC464B /* Main.storyboard */ = {
			isa = PBXVariantGroup;
			children = (
				1F48A06C1EC8C80900DC464B /* Base */,
			);
			name = Main.storyboard;
			sourceTree = "<group>";
		};
		1F48A0701EC8C80900DC464B /* LaunchScreen.storyboard */ = {
			isa = PBXVariantGroup;
			children = (
				1F48A0711EC8C80900DC464B /* Base */,
			);
			name = LaunchScreen.storyboard;
			sourceTree = "<group>";
		};
/* End PBXVariantGroup section */

/* Begin XCBuildConfiguration section */
		1F48A0741EC8C80900DC464B /* Debug */ = {
			isa = XCBuildConfiguration;
			buildSettings = {
				ALWAYS_SEARCH_USER_PATHS = NO;
				BUNDLE_ID = info.crsantos.citestsTests.debug;
				CLANG_ANALYZER_NONNULL = YES;
				CLANG_ANALYZER_NUMBER_OBJECT_CONVERSION = YES_AGGRESSIVE;
				CLANG_CXX_LANGUAGE_STANDARD = "gnu++0x";
				CLANG_CXX_LIBRARY = "libc++";
				CLANG_ENABLE_MODULES = YES;
				CLANG_ENABLE_OBJC_ARC = YES;
				CLANG_WARN_BOOL_CONVERSION = YES;
				CLANG_WARN_CONSTANT_CONVERSION = YES;
				CLANG_WARN_DIRECT_OBJC_ISA_USAGE = YES_ERROR;
				CLANG_WARN_DOCUMENTATION_COMMENTS = YES;
				CLANG_WARN_EMPTY_BODY = YES;
				CLANG_WARN_ENUM_CONVERSION = YES;
				CLANG_WARN_INFINITE_RECURSION = YES;
				CLANG_WARN_INT_CONVERSION = YES;
				CLANG_WARN_OBJC_ROOT_CLASS = YES_ERROR;
				CLANG_WARN_SUSPICIOUS_MOVE = YES;
				CLANG_WARN_UNREACHABLE_CODE = YES;
				CLANG_WARN__DUPLICATE_METHOD_MATCH = YES;
				"CODE_SIGN_IDENTITY[sdk=iphoneos*]" = "iPhone Developer";
				COPY_PHASE_STRIP = NO;
				DEBUG_INFORMATION_FORMAT = dwarf;
				ENABLE_STRICT_OBJC_MSGSEND = YES;
				ENABLE_TESTABILITY = YES;
				GCC_C_LANGUAGE_STANDARD = gnu99;
				GCC_DYNAMIC_NO_PIC = NO;
				GCC_NO_COMMON_BLOCKS = YES;
				GCC_OPTIMIZATION_LEVEL = 0;
				GCC_PREPROCESSOR_DEFINITIONS = (
					"DEBUG=1",
					"$(inherited)",
				);
				GCC_WARN_64_TO_32_BIT_CONVERSION = YES;
				GCC_WARN_ABOUT_RETURN_TYPE = YES_ERROR;
				GCC_WARN_UNDECLARED_SELECTOR = YES;
				GCC_WARN_UNINITIALIZED_AUTOS = YES_AGGRESSIVE;
				GCC_WARN_UNUSED_FUNCTION = YES;
				GCC_WARN_UNUSED_VARIABLE = YES;
				IPHONEOS_DEPLOYMENT_TARGET = 10.3;
				MTL_ENABLE_DEBUG_INFO = YES;
				ONLY_ACTIVE_ARCH = YES;
				SDKROOT = iphoneos;
				SWIFT_ACTIVE_COMPILATION_CONDITIONS = DEBUG;
				SWIFT_OPTIMIZATION_LEVEL = "-Onone";
			};
			name = Debug;
		};
		1F48A0751EC8C80900DC464B /* Release */ = {
			isa = XCBuildConfiguration;
			buildSettings = {
				ALWAYS_SEARCH_USER_PATHS = NO;
				BUNDLE_ID = info.crsantos.citestsTests.adhoc;
				CLANG_ANALYZER_NONNULL = YES;
				CLANG_ANALYZER_NUMBER_OBJECT_CONVERSION = YES_AGGRESSIVE;
				CLANG_CXX_LANGUAGE_STANDARD = "gnu++0x";
				CLANG_CXX_LIBRARY = "libc++";
				CLANG_ENABLE_MODULES = YES;
				CLANG_ENABLE_OBJC_ARC = YES;
				CLANG_WARN_BOOL_CONVERSION = YES;
				CLANG_WARN_CONSTANT_CONVERSION = YES;
				CLANG_WARN_DIRECT_OBJC_ISA_USAGE = YES_ERROR;
				CLANG_WARN_DOCUMENTATION_COMMENTS = YES;
				CLANG_WARN_EMPTY_BODY = YES;
				CLANG_WARN_ENUM_CONVERSION = YES;
				CLANG_WARN_INFINITE_RECURSION = YES;
				CLANG_WARN_INT_CONVERSION = YES;
				CLANG_WARN_OBJC_ROOT_CLASS = YES_ERROR;
				CLANG_WARN_SUSPICIOUS_MOVE = YES;
				CLANG_WARN_UNREACHABLE_CODE = YES;
				CLANG_WARN__DUPLICATE_METHOD_MATCH = YES;
				"CODE_SIGN_IDENTITY[sdk=iphoneos*]" = "iPhone Developer";
				COPY_PHASE_STRIP = NO;
				DEBUG_INFORMATION_FORMAT = "dwarf-with-dsym";
				ENABLE_NS_ASSERTIONS = NO;
				ENABLE_STRICT_OBJC_MSGSEND = YES;
				GCC_C_LANGUAGE_STANDARD = gnu99;
				GCC_NO_COMMON_BLOCKS = YES;
				GCC_WARN_64_TO_32_BIT_CONVERSION = YES;
				GCC_WARN_ABOUT_RETURN_TYPE = YES_ERROR;
				GCC_WARN_UNDECLARED_SELECTOR = YES;
				GCC_WARN_UNINITIALIZED_AUTOS = YES_AGGRESSIVE;
				GCC_WARN_UNUSED_FUNCTION = YES;
				GCC_WARN_UNUSED_VARIABLE = YES;
				IPHONEOS_DEPLOYMENT_TARGET = 10.3;
				MTL_ENABLE_DEBUG_INFO = NO;
				SDKROOT = iphoneos;
				SWIFT_OPTIMIZATION_LEVEL = "-Owholemodule";
				VALIDATE_PRODUCT = YES;
			};
			name = Release;
		};
		1F48A0771EC8C80900DC464B /* Debug */ = {
			isa = XCBuildConfiguration;
			baseConfigurationReference = 91F4E3110DA1A85EFE8C90C9 /* Pods-citests.debug.xcconfig */;
			buildSettings = {
				ASSETCATALOG_COMPILER_APPICON_NAME = AppIcon;
				DEVELOPMENT_TEAM = CWT826P5EN;
				INFOPLIST_FILE = citests/Info.plist;
				LD_RUNPATH_SEARCH_PATHS = "$(inherited) @executable_path/Frameworks";
				PRODUCT_BUNDLE_IDENTIFIER = "$(BUNDLE_ID)";
				PRODUCT_NAME = "$(TARGET_NAME)";
				SWIFT_VERSION = 3.0;
			};
			name = Debug;
		};
		1F48A0781EC8C80900DC464B /* Release */ = {
			isa = XCBuildConfiguration;
			baseConfigurationReference = 9A9A840BA02445FC384CB042 /* Pods-citests.release.xcconfig */;
			buildSettings = {
				ASSETCATALOG_COMPILER_APPICON_NAME = AppIcon;
				DEVELOPMENT_TEAM = CWT826P5EN;
				INFOPLIST_FILE = citests/Info.plist;
				LD_RUNPATH_SEARCH_PATHS = "$(inherited) @executable_path/Frameworks";
				PRODUCT_BUNDLE_IDENTIFIER = "$(BUNDLE_ID)";
				PRODUCT_NAME = "$(TARGET_NAME)";
				SWIFT_VERSION = 3.0;
			};
			name = Release;
		};
		1F48A0851EC8C8E500DC464B /* Debug */ = {
			isa = XCBuildConfiguration;
			baseConfigurationReference = 9F4964D9F3C9CB3C85883969 /* Pods-citestsTests.debug.xcconfig */;
			buildSettings = {
				BUNDLE_LOADER = "$(TEST_HOST)";
				DEVELOPMENT_TEAM = CWT826P5EN;
				INFOPLIST_FILE = citestsTests/Info.plist;
				LD_RUNPATH_SEARCH_PATHS = "$(inherited) @executable_path/Frameworks @loader_path/Frameworks";
				PRODUCT_BUNDLE_IDENTIFIER = "$(BUNDLE_ID)";
				PRODUCT_NAME = "$(TARGET_NAME)";
				SWIFT_VERSION = 3.0;
				TEST_HOST = "$(BUILT_PRODUCTS_DIR)/citests.app/citests";
			};
			name = Debug;
		};
		1F48A0861EC8C8E500DC464B /* Release */ = {
			isa = XCBuildConfiguration;
			baseConfigurationReference = 4043D96169CC62E0BB927605 /* Pods-citestsTests.release.xcconfig */;
			buildSettings = {
				BUNDLE_LOADER = "$(TEST_HOST)";
				DEVELOPMENT_TEAM = CWT826P5EN;
				INFOPLIST_FILE = citestsTests/Info.plist;
				LD_RUNPATH_SEARCH_PATHS = "$(inherited) @executable_path/Frameworks @loader_path/Frameworks";
				PRODUCT_BUNDLE_IDENTIFIER = info.crsantos.citestsTests.adhoc;
				PRODUCT_NAME = "$(TARGET_NAME)";
				SWIFT_VERSION = 3.0;
				TEST_HOST = "$(BUILT_PRODUCTS_DIR)/citests.app/citests";
			};
			name = Release;
		};
/* End XCBuildConfiguration section */

/* Begin XCConfigurationList section */
		1F48A05F1EC8C80900DC464B /* Build configuration list for PBXProject "citests" */ = {
			isa = XCConfigurationList;
			buildConfigurations = (
				1F48A0741EC8C80900DC464B /* Debug */,
				1F48A0751EC8C80900DC464B /* Release */,
			);
			defaultConfigurationIsVisible = 0;
			defaultConfigurationName = Release;
		};
		1F48A0761EC8C80900DC464B /* Build configuration list for PBXNativeTarget "citests" */ = {
			isa = XCConfigurationList;
			buildConfigurations = (
				1F48A0771EC8C80900DC464B /* Debug */,
				1F48A0781EC8C80900DC464B /* Release */,
			);
			defaultConfigurationIsVisible = 0;
			defaultConfigurationName = Release;
		};
		1F48A0841EC8C8E500DC464B /* Build configuration list for PBXNativeTarget "citestsTests" */ = {
			isa = XCConfigurationList;
			buildConfigurations = (
				1F48A0851EC8C8E500DC464B /* Debug */,
				1F48A0861EC8C8E500DC464B /* Release */,
			);
			defaultConfigurationIsVisible = 0;
			defaultConfigurationName = Release;
		};
/* End XCConfigurationList section */
	};
	rootObject = 1F48A05C1EC8C80900DC464B /* Project object */;
}
